
Microsoft Visual Studio Solution File, Format Version 12.00
# Visual Studio Version 16
VisualStudioVersion = 16.0.30320.27
MinimumVisualStudioVersion = 10.0.40219.1
Project("{FAE04EC0-301F-11D3-BF4B-00C04F79EFBC}") = "Hackaton_2020_CWS", "Hackaton_2020_CWS\Hackaton_2020_CWS.csproj", "{D752C0B5-8AA2-4FF7-AFAC-C2314C33E435}"
EndProject
Global
	GlobalSection(SolutionConfigurationPlatforms) = preSolution
		Debug|Any CPU = Debug|Any CPU
		Release|Any CPU = Release|Any CPU
	EndGlobalSection
	GlobalSection(ProjectConfigurationPlatforms) = postSolution
		{D752C0B5-8AA2-4FF7-AFAC-C2314C33E435}.Debug|Any CPU.ActiveCfg = Debug|Any CPU
		{D752C0B5-8AA2-4FF7-AFAC-C2314C33E435}.Debug|Any CPU.Build.0 = Debug|Any CPU
		{D752C0B5-8AA2-4FF7-AFAC-C2314C33E435}.Release|Any CPU.ActiveCfg = Release|Any CPU
		{D752C0B5-8AA2-4FF7-AFAC-C2314C33E435}.Release|Any CPU.Build.0 = Release|Any CPU
	EndGlobalSection
	GlobalSection(SolutionProperties) = preSolution
		HideSolutionNode = FALSE
	EndGlobalSection
	GlobalSection(ExtensibilityGlobals) = postSolution
		SolutionGuid = {CB65590A-372F-49D1-993D-3BACC10EF2CD}
	EndGlobalSection
EndGlobal
